{
  "requires": true,
  "lockfileVersion": 1,
  "dependencies": {
    "fishbone-chart": {
      "version": "1.0.24",
      "resolved": "https://registry.npmjs.org/fishbone-chart/-/fishbone-chart-1.0.24.tgz",
      "integrity": "sha512-SOHiVJORUn9wXNxwq6sne8V3EseCZMvNGnyXncPKcaS1Dkzo4VNX146lezY/Ebq/H7uvwwoZjMk03UlN0nrCWQ=="
    }
  }
}
